
Microsoft Visual Studio Solution File, Format Version 12.00
# Visual Studio 15
VisualStudioVersion = 15.0.28010.2041
MinimumVisualStudioVersion = 10.0.40219.1
Project("{8BC9CEB8-8B4A-11D0-8D11-00A0C91BC942}") = "TowerDefenceGame", "TowerDefenceGame\TowerDefenceGame.vcxproj", "{B0B4A28E-52FF-4739-9527-E5DB9B72EEF8}"
EndProject
Project("{8BC9CEB8-8B4A-11D0-8D11-00A0C91BC942}") = "Logging", "Logging\Logging.vcxproj", "{1D35846B-C8F9-4977-8ABB-E8549CBCD793}"
EndProject
Project("{8BC9CEB8-8B4A-11D0-8D11-00A0C91BC942}") = "Tests", "Tests\Tests.vcxproj", "{272DCAAA-CB93-42AA-A4A6-F42283C850AA}"
EndProject
Project("{8BC9CEB8-8B4A-11D0-8D11-00A0C91BC942}") = "Server", "Server\Server.vcxproj", "{B01F377E-04E4-4BBF-810B-3ABF1237A9F4}"
EndProject
Project("{8BC9CEB8-8B4A-11D0-8D11-00A0C91BC942}") = "NetworkData", "NetworkData\NetworkData.vcxproj", "{48E4F39B-0C50-42A5-A5DF-FF1ABFA01E03}"
EndProject
Global
	GlobalSection(SolutionConfigurationPlatforms) = preSolution
		Debug|x64 = Debug|x64
		Debug|x86 = Debug|x86
		Release|x64 = Release|x64
		Release|x86 = Release|x86
	EndGlobalSection
	GlobalSection(ProjectConfigurationPlatforms) = postSolution
		{B0B4A28E-52FF-4739-9527-E5DB9B72EEF8}.Debug|x64.ActiveCfg = Debug|x64
		{B0B4A28E-52FF-4739-9527-E5DB9B72EEF8}.Debug|x64.Build.0 = Debug|x64
		{B0B4A28E-52FF-4739-9527-E5DB9B72EEF8}.Debug|x86.ActiveCfg = Debug|Win32
		{B0B4A28E-52FF-4739-9527-E5DB9B72EEF8}.Debug|x86.Build.0 = Debug|Win32
		{B0B4A28E-52FF-4739-9527-E5DB9B72EEF8}.Release|x64.ActiveCfg = Release|x64
		{B0B4A28E-52FF-4739-9527-E5DB9B72EEF8}.Release|x64.Build.0 = Release|x64
		{B0B4A28E-52FF-4739-9527-E5DB9B72EEF8}.Release|x86.ActiveCfg = Release|Win32
		{B0B4A28E-52FF-4739-9527-E5DB9B72EEF8}.Release|x86.Build.0 = Release|Win32
		{1D35846B-C8F9-4977-8ABB-E8549CBCD793}.Debug|x64.ActiveCfg = Debug|x64
		{1D35846B-C8F9-4977-8ABB-E8549CBCD793}.Debug|x64.Build.0 = Debug|x64
		{1D35846B-C8F9-4977-8ABB-E8549CBCD793}.Debug|x86.ActiveCfg = Debug|Win32
		{1D35846B-C8F9-4977-8ABB-E8549CBCD793}.Debug|x86.Build.0 = Debug|Win32
		{1D35846B-C8F9-4977-8ABB-E8549CBCD793}.Release|x64.ActiveCfg = Release|x64
		{1D35846B-C8F9-4977-8ABB-E8549CBCD793}.Release|x64.Build.0 = Release|x64
		{1D35846B-C8F9-4977-8ABB-E8549CBCD793}.Release|x86.ActiveCfg = Release|Win32
		{1D35846B-C8F9-4977-8ABB-E8549CBCD793}.Release|x86.Build.0 = Release|Win32
		{272DCAAA-CB93-42AA-A4A6-F42283C850AA}.Debug|x64.ActiveCfg = Debug|x64
		{272DCAAA-CB93-42AA-A4A6-F42283C850AA}.Debug|x64.Build.0 = Debug|x64
		{272DCAAA-CB93-42AA-A4A6-F42283C850AA}.Debug|x86.ActiveCfg = Debug|Win32
		{272DCAAA-CB93-42AA-A4A6-F42283C850AA}.Debug|x86.Build.0 = Debug|Win32
		{272DCAAA-CB93-42AA-A4A6-F42283C850AA}.Release|x64.ActiveCfg = Release|x64
		{272DCAAA-CB93-42AA-A4A6-F42283C850AA}.Release|x64.Build.0 = Release|x64
		{272DCAAA-CB93-42AA-A4A6-F42283C850AA}.Release|x86.ActiveCfg = Release|Win32
		{272DCAAA-CB93-42AA-A4A6-F42283C850AA}.Release|x86.Build.0 = Release|Win32
		{B01F377E-04E4-4BBF-810B-3ABF1237A9F4}.Debug|x64.ActiveCfg = Debug|x64
		{B01F377E-04E4-4BBF-810B-3ABF1237A9F4}.Debug|x64.Build.0 = Debug|x64
		{B01F377E-04E4-4BBF-810B-3ABF1237A9F4}.Debug|x86.ActiveCfg = Debug|Win32
		{B01F377E-04E4-4BBF-810B-3ABF1237A9F4}.Debug|x86.Build.0 = Debug|Win32
		{B01F377E-04E4-4BBF-810B-3ABF1237A9F4}.Release|x64.ActiveCfg = Release|x64
		{B01F377E-04E4-4BBF-810B-3ABF1237A9F4}.Release|x64.Build.0 = Release|x64
		{B01F377E-04E4-4BBF-810B-3ABF1237A9F4}.Release|x86.ActiveCfg = Release|Win32
		{B01F377E-04E4-4BBF-810B-3ABF1237A9F4}.Release|x86.Build.0 = Release|Win32
		{48E4F39B-0C50-42A5-A5DF-FF1ABFA01E03}.Debug|x64.ActiveCfg = Debug|x64
		{48E4F39B-0C50-42A5-A5DF-FF1ABFA01E03}.Debug|x64.Build.0 = Debug|x64
		{48E4F39B-0C50-42A5-A5DF-FF1ABFA01E03}.Debug|x86.ActiveCfg = Debug|Win32
		{48E4F39B-0C50-42A5-A5DF-FF1ABFA01E03}.Debug|x86.Build.0 = Debug|Win32
		{48E4F39B-0C50-42A5-A5DF-FF1ABFA01E03}.Release|x64.ActiveCfg = Release|x64
		{48E4F39B-0C50-42A5-A5DF-FF1ABFA01E03}.Release|x64.Build.0 = Release|x64
		{48E4F39B-0C50-42A5-A5DF-FF1ABFA01E03}.Release|x86.ActiveCfg = Release|Win32
		{48E4F39B-0C50-42A5-A5DF-FF1ABFA01E03}.Release|x86.Build.0 = Release|Win32
	EndGlobalSection
	GlobalSection(SolutionProperties) = preSolution
		HideSolutionNode = FALSE
	EndGlobalSection
	GlobalSection(ExtensibilityGlobals) = postSolution
		SolutionGuid = {0B773289-96F1-4B08-9AC2-B6A9FC207195}
	EndGlobalSection
EndGlobal
